
Microsoft Visual Studio Solution File, Format Version 12.00
# Visual Studio 15
VisualStudioVersion = 15.0.27004.2006
MinimumVisualStudioVersion = 10.0.40219.1
Project("{6EC3EE1D-3C4E-46DD-8F32-0CC8E7565705}") = "Symbolics", "src\Symbolics\Symbolics.fsproj", "{A8667C7D-CC10-4519-ACFE-1B4D3C190E97}"
EndProject
Project("{2150E333-8FDC-42A3-9474-1A3956D46DE8}") = "Readme", "Readme", "{7177ADE4-E525-4CDB-AA7C-C71A876B9ED8}"
	ProjectSection(SolutionItems) = preProject
		CONTRIBUTING.md = CONTRIBUTING.md
		CONTRIBUTORS.md = CONTRIBUTORS.md
		LICENSE.md = LICENSE.md
		README.md = README.md
		RELEASENOTES.md = RELEASENOTES.md
	EndProjectSection
EndProject
Project("{2150E333-8FDC-42A3-9474-1A3956D46DE8}") = "Build", "Build", "{6A8FB80F-8A1F-447D-AAF7-574B85D8600E}"
	ProjectSection(SolutionItems) = preProject
		.editorconfig = .editorconfig
		appveyor.yml = appveyor.yml
		Directory.Build.props = Directory.Build.props
		global.json = global.json
		paket.dependencies = paket.dependencies
		paket.lock = paket.lock
		build.cmd = build.cmd
		build.sh = build.sh
		.gitignore = .gitignore
		.gitattributes = .gitattributes
		NuGet.config = NuGet.config
		restore.sh = restore.sh
		restore.cmd = restore.cmd
	EndProjectSection
EndProject
Project("{2150E333-8FDC-42A3-9474-1A3956D46DE8}") = "Docs", "Docs", "{37C7BBC6-A637-45BC-9EBF-1733771CDE56}"
	ProjectSection(SolutionItems) = preProject
		docs\content\Build.md = docs\content\Build.md
		docs\content\index.md = docs\content\index.md
		docs\tools\templates\template.cshtml = docs\tools\templates\template.cshtml
	EndProjectSection
EndProject
Project("{6EC3EE1D-3C4E-46DD-8F32-0CC8E7565705}") = "Symbolics.Tests", "src\Symbolics.Tests\Symbolics.Tests.fsproj", "{DBDFEBA0-131C-4839-BEA3-0756C78C17E4}"
EndProject
Global
	GlobalSection(SolutionConfigurationPlatforms) = preSolution
		Debug|Any CPU = Debug|Any CPU
		Release|Any CPU = Release|Any CPU
	EndGlobalSection
	GlobalSection(ProjectConfigurationPlatforms) = postSolution
		{A8667C7D-CC10-4519-ACFE-1B4D3C190E97}.Debug|Any CPU.ActiveCfg = Debug|Any CPU
		{A8667C7D-CC10-4519-ACFE-1B4D3C190E97}.Debug|Any CPU.Build.0 = Debug|Any CPU
		{A8667C7D-CC10-4519-ACFE-1B4D3C190E97}.Release|Any CPU.ActiveCfg = Release|Any CPU
		{A8667C7D-CC10-4519-ACFE-1B4D3C190E97}.Release|Any CPU.Build.0 = Release|Any CPU
		{DBDFEBA0-131C-4839-BEA3-0756C78C17E4}.Debug|Any CPU.ActiveCfg = Debug|Any CPU
		{DBDFEBA0-131C-4839-BEA3-0756C78C17E4}.Debug|Any CPU.Build.0 = Debug|Any CPU
		{DBDFEBA0-131C-4839-BEA3-0756C78C17E4}.Release|Any CPU.ActiveCfg = Release|Any CPU
		{DBDFEBA0-131C-4839-BEA3-0756C78C17E4}.Release|Any CPU.Build.0 = Release|Any CPU
	EndGlobalSection
	GlobalSection(SolutionProperties) = preSolution
		HideSolutionNode = FALSE
	EndGlobalSection
	GlobalSection(ExtensibilityGlobals) = postSolution
		SolutionGuid = {66A608C0-0F2A-49B3-89CD-4612D6C0E3D4}
	EndGlobalSection
EndGlobal
